
Microsoft Visual Studio Solution File, Format Version 12.00
# Visual Studio 15
VisualStudioVersion = 15.0.28010.2050
MinimumVisualStudioVersion = 10.0.40219.1
Project("{FAE04EC0-301F-11D3-BF4B-00C04F79EFBC}") = "EventFrameMobileManager.Android", "EventFrameMobileManager\EventFrameMobileManager.Android\EventFrameMobileManager.Android.csproj", "{5217F343-C5EF-4C66-8720-90248AD900D2}"
EndProject
Project("{FAE04EC0-301F-11D3-BF4B-00C04F79EFBC}") = "EventFrameMobileManager.iOS", "EventFrameMobileManager\EventFrameMobileManager.iOS\EventFrameMobileManager.iOS.csproj", "{439B2DFB-CFED-44B6-9CD6-38E7434886BB}"
EndProject
Project("{FAE04EC0-301F-11D3-BF4B-00C04F79EFBC}") = "EventFrameMobileManager.UWP", "EventFrameMobileManager\EventFrameMobileManager.UWP\EventFrameMobileManager.UWP.csproj", "{371E5EC9-2932-4190-92D0-220A293C710D}"
EndProject
Project("{FAE04EC0-301F-11D3-BF4B-00C04F79EFBC}") = "EventFrameMobileManager", "EventFrameMobileManager\EventFrameMobileManager\EventFrameMobileManager.csproj", "{F878961B-7F5C-456F-96CC-07918EAE4D22}"
EndProject
Global
	GlobalSection(SolutionConfigurationPlatforms) = preSolution
		Ad-Hoc|Any CPU = Ad-Hoc|Any CPU
		Ad-Hoc|ARM = Ad-Hoc|ARM
		Ad-Hoc|iPhone = Ad-Hoc|iPhone
		Ad-Hoc|iPhoneSimulator = Ad-Hoc|iPhoneSimulator
		Ad-Hoc|x64 = Ad-Hoc|x64
		Ad-Hoc|x86 = Ad-Hoc|x86
		AppStore|Any CPU = AppStore|Any CPU
		AppStore|ARM = AppStore|ARM
		AppStore|iPhone = AppStore|iPhone
		AppStore|iPhoneSimulator = AppStore|iPhoneSimulator
		AppStore|x64 = AppStore|x64
		AppStore|x86 = AppStore|x86
		Debug|Any CPU = Debug|Any CPU
		Debug|ARM = Debug|ARM
		Debug|iPhone = Debug|iPhone
		Debug|iPhoneSimulator = Debug|iPhoneSimulator
		Debug|x64 = Debug|x64
		Debug|x86 = Debug|x86
		Release|Any CPU = Release|Any CPU
		Release|ARM = Release|ARM
		Release|iPhone = Release|iPhone
		Release|iPhoneSimulator = Release|iPhoneSimulator
		Release|x64 = Release|x64
		Release|x86 = Release|x86
	EndGlobalSection
	GlobalSection(ProjectConfigurationPlatforms) = postSolution
		{5217F343-C5EF-4C66-8720-90248AD900D2}.Ad-Hoc|Any CPU.ActiveCfg = Release|Any CPU
		{5217F343-C5EF-4C66-8720-90248AD900D2}.Ad-Hoc|Any CPU.Build.0 = Release|Any CPU
		{5217F343-C5EF-4C66-8720-90248AD900D2}.Ad-Hoc|Any CPU.Deploy.0 = Release|Any CPU
		{5217F343-C5EF-4C66-8720-90248AD900D2}.Ad-Hoc|ARM.ActiveCfg = Release|Any CPU
		{5217F343-C5EF-4C66-8720-90248AD900D2}.Ad-Hoc|ARM.Build.0 = Release|Any CPU
		{5217F343-C5EF-4C66-8720-90248AD900D2}.Ad-Hoc|ARM.Deploy.0 = Release|Any CPU
		{5217F343-C5EF-4C66-8720-90248AD900D2}.Ad-Hoc|iPhone.ActiveCfg = Release|Any CPU
		{5217F343-C5EF-4C66-8720-90248AD900D2}.Ad-Hoc|iPhone.Build.0 = Release|Any CPU
		{5217F343-C5EF-4C66-8720-90248AD900D2}.Ad-Hoc|iPhone.Deploy.0 = Release|Any CPU
		{5217F343-C5EF-4C66-8720-90248AD900D2}.Ad-Hoc|iPhoneSimulator.ActiveCfg = Release|Any CPU
		{5217F343-C5EF-4C66-8720-90248AD900D2}.Ad-Hoc|iPhoneSimulator.Build.0 = Release|Any CPU
		{5217F343-C5EF-4C66-8720-90248AD900D2}.Ad-Hoc|iPhoneSimulator.Deploy.0 = Release|Any CPU
		{5217F343-C5EF-4C66-8720-90248AD900D2}.Ad-Hoc|x64.ActiveCfg = Release|Any CPU
		{5217F343-C5EF-4C66-8720-90248AD900D2}.Ad-Hoc|x64.Build.0 = Release|Any CPU
		{5217F343-C5EF-4C66-8720-90248AD900D2}.Ad-Hoc|x64.Deploy.0 = Release|Any CPU
		{5217F343-C5EF-4C66-8720-90248AD900D2}.Ad-Hoc|x86.ActiveCfg = Release|Any CPU
		{5217F343-C5EF-4C66-8720-90248AD900D2}.Ad-Hoc|x86.Build.0 = Release|Any CPU
		{5217F343-C5EF-4C66-8720-90248AD900D2}.Ad-Hoc|x86.Deploy.0 = Release|Any CPU
		{5217F343-C5EF-4C66-8720-90248AD900D2}.AppStore|Any CPU.ActiveCfg = Release|Any CPU
		{5217F343-C5EF-4C66-8720-90248AD900D2}.AppStore|Any CPU.Build.0 = Release|Any CPU
		{5217F343-C5EF-4C66-8720-90248AD900D2}.AppStore|Any CPU.Deploy.0 = Release|Any CPU
		{5217F343-C5EF-4C66-8720-90248AD900D2}.AppStore|ARM.ActiveCfg = Release|Any CPU
		{5217F343-C5EF-4C66-8720-90248AD900D2}.AppStore|ARM.Build.0 = Release|Any CPU
		{5217F343-C5EF-4C66-8720-90248AD900D2}.AppStore|ARM.Deploy.0 = Release|Any CPU
		{5217F343-C5EF-4C66-8720-90248AD900D2}.AppStore|iPhone.ActiveCfg = Release|Any CPU
		{5217F343-C5EF-4C66-8720-90248AD900D2}.AppStore|iPhone.Build.0 = Release|Any CPU
		{5217F343-C5EF-4C66-8720-90248AD900D2}.AppStore|iPhone.Deploy.0 = Release|Any CPU
		{5217F343-C5EF-4C66-8720-90248AD900D2}.AppStore|iPhoneSimulator.ActiveCfg = Release|Any CPU
		{5217F343-C5EF-4C66-8720-90248AD900D2}.AppStore|iPhoneSimulator.Build.0 = Release|Any CPU
		{5217F343-C5EF-4C66-8720-90248AD900D2}.AppStore|iPhoneSimulator.Deploy.0 = Release|Any CPU
		{5217F343-C5EF-4C66-8720-90248AD900D2}.AppStore|x64.ActiveCfg = Release|Any CPU
		{5217F343-C5EF-4C66-8720-90248AD900D2}.AppStore|x64.Build.0 = Release|Any CPU
		{5217F343-C5EF-4C66-8720-90248AD900D2}.AppStore|x64.Deploy.0 = Release|Any CPU
		{5217F343-C5EF-4C66-8720-90248AD900D2}.AppStore|x86.ActiveCfg = Release|Any CPU
		{5217F343-C5EF-4C66-8720-90248AD900D2}.AppStore|x86.Build.0 = Release|Any CPU
		{5217F343-C5EF-4C66-8720-90248AD900D2}.AppStore|x86.Deploy.0 = Release|Any CPU
		{5217F343-C5EF-4C66-8720-90248AD900D2}.Debug|Any CPU.ActiveCfg = Debug|Any CPU
		{5217F343-C5EF-4C66-8720-90248AD900D2}.Debug|Any CPU.Build.0 = Debug|Any CPU
		{5217F343-C5EF-4C66-8720-90248AD900D2}.Debug|Any CPU.Deploy.0 = Debug|Any CPU
		{5217F343-C5EF-4C66-8720-90248AD900D2}.Debug|ARM.ActiveCfg = Debug|Any CPU
		{5217F343-C5EF-4C66-8720-90248AD900D2}.Debug|ARM.Build.0 = Debug|Any CPU
		{5217F343-C5EF-4C66-8720-90248AD900D2}.Debug|ARM.Deploy.0 = Debug|Any CPU
		{5217F343-C5EF-4C66-8720-90248AD900D2}.Debug|iPhone.ActiveCfg = Debug|Any CPU
		{5217F343-C5EF-4C66-8720-90248AD900D2}.Debug|iPhone.Build.0 = Debug|Any CPU
		{5217F343-C5EF-4C66-8720-90248AD900D2}.Debug|iPhone.Deploy.0 = Debug|Any CPU
		{5217F343-C5EF-4C66-8720-90248AD900D2}.Debug|iPhoneSimulator.ActiveCfg = Debug|Any CPU
		{5217F343-C5EF-4C66-8720-90248AD900D2}.Debug|iPhoneSimulator.Build.0 = Debug|Any CPU
		{5217F343-C5EF-4C66-8720-90248AD900D2}.Debug|iPhoneSimulator.Deploy.0 = Debug|Any CPU
		{5217F343-C5EF-4C66-8720-90248AD900D2}.Debug|x64.ActiveCfg = Debug|Any CPU
		{5217F343-C5EF-4C66-8720-90248AD900D2}.Debug|x64.Build.0 = Debug|Any CPU
		{5217F343-C5EF-4C66-8720-90248AD900D2}.Debug|x64.Deploy.0 = Debug|Any CPU
		{5217F343-C5EF-4C66-8720-90248AD900D2}.Debug|x86.ActiveCfg = Debug|Any CPU
		{5217F343-C5EF-4C66-8720-90248AD900D2}.Debug|x86.Build.0 = Debug|Any CPU
		{5217F343-C5EF-4C66-8720-90248AD900D2}.Debug|x86.Deploy.0 = Debug|Any CPU
		{5217F343-C5EF-4C66-8720-90248AD900D2}.Release|Any CPU.ActiveCfg = Release|Any CPU
		{5217F343-C5EF-4C66-8720-90248AD900D2}.Release|Any CPU.Build.0 = Release|Any CPU
		{5217F343-C5EF-4C66-8720-90248AD900D2}.Release|Any CPU.Deploy.0 = Release|Any CPU
		{5217F343-C5EF-4C66-8720-90248AD900D2}.Release|ARM.ActiveCfg = Release|Any CPU
		{5217F343-C5EF-4C66-8720-90248AD900D2}.Release|ARM.Build.0 = Release|Any CPU
		{5217F343-C5EF-4C66-8720-90248AD900D2}.Release|ARM.Deploy.0 = Release|Any CPU
		{5217F343-C5EF-4C66-8720-90248AD900D2}.Release|iPhone.ActiveCfg = Release|Any CPU
		{5217F343-C5EF-4C66-8720-90248AD900D2}.Release|iPhone.Build.0 = Release|Any CPU
		{5217F343-C5EF-4C66-8720-90248AD900D2}.Release|iPhone.Deploy.0 = Release|Any CPU
		{5217F343-C5EF-4C66-8720-90248AD900D2}.Release|iPhoneSimulator.ActiveCfg = Release|Any CPU
		{5217F343-C5EF-4C66-8720-90248AD900D2}.Release|iPhoneSimulator.Build.0 = Release|Any CPU
		{5217F343-C5EF-4C66-8720-90248AD900D2}.Release|iPhoneSimulator.Deploy.0 = Release|Any CPU
		{5217F343-C5EF-4C66-8720-90248AD900D2}.Release|x64.ActiveCfg = Release|Any CPU
		{5217F343-C5EF-4C66-8720-90248AD900D2}.Release|x64.Build.0 = Release|Any CPU
		{5217F343-C5EF-4C66-8720-90248AD900D2}.Release|x64.Deploy.0 = Release|Any CPU
		{5217F343-C5EF-4C66-8720-90248AD900D2}.Release|x86.ActiveCfg = Release|Any CPU
		{5217F343-C5EF-4C66-8720-90248AD900D2}.Release|x86.Build.0 = Release|Any CPU
		{5217F343-C5EF-4C66-8720-90248AD900D2}.Release|x86.Deploy.0 = Release|Any CPU
		{439B2DFB-CFED-44B6-9CD6-38E7434886BB}.Ad-Hoc|Any CPU.ActiveCfg = Ad-Hoc|iPhone
		{439B2DFB-CFED-44B6-9CD6-38E7434886BB}.Ad-Hoc|Any CPU.Build.0 = Ad-Hoc|iPhone
		{439B2DFB-CFED-44B6-9CD6-38E7434886BB}.Ad-Hoc|Any CPU.Deploy.0 = Ad-Hoc|iPhone
		{439B2DFB-CFED-44B6-9CD6-38E7434886BB}.Ad-Hoc|ARM.ActiveCfg = Ad-Hoc|iPhone
		{439B2DFB-CFED-44B6-9CD6-38E7434886BB}.Ad-Hoc|ARM.Build.0 = Ad-Hoc|iPhone
		{439B2DFB-CFED-44B6-9CD6-38E7434886BB}.Ad-Hoc|ARM.Deploy.0 = Ad-Hoc|iPhone
		{439B2DFB-CFED-44B6-9CD6-38E7434886BB}.Ad-Hoc|iPhone.ActiveCfg = Ad-Hoc|iPhone
		{439B2DFB-CFED-44B6-9CD6-38E7434886BB}.Ad-Hoc|iPhone.Build.0 = Ad-Hoc|iPhone
		{439B2DFB-CFED-44B6-9CD6-38E7434886BB}.Ad-Hoc|iPhone.Deploy.0 = Ad-Hoc|iPhone
		{439B2DFB-CFED-44B6-9CD6-38E7434886BB}.Ad-Hoc|iPhoneSimulator.ActiveCfg = Ad-Hoc|iPhoneSimulator
		{439B2DFB-CFED-44B6-9CD6-38E7434886BB}.Ad-Hoc|iPhoneSimulator.Build.0 = Ad-Hoc|iPhoneSimulator
		{439B2DFB-CFED-44B6-9CD6-38E7434886BB}.Ad-Hoc|iPhoneSimulator.Deploy.0 = Ad-Hoc|iPhoneSimulator
		{439B2DFB-CFED-44B6-9CD6-38E7434886BB}.Ad-Hoc|x64.ActiveCfg = Ad-Hoc|iPhone
		{439B2DFB-CFED-44B6-9CD6-38E7434886BB}.Ad-Hoc|x64.Build.0 = Ad-Hoc|iPhone
		{439B2DFB-CFED-44B6-9CD6-38E7434886BB}.Ad-Hoc|x64.Deploy.0 = Ad-Hoc|iPhone
		{439B2DFB-CFED-44B6-9CD6-38E7434886BB}.Ad-Hoc|x86.ActiveCfg = Ad-Hoc|iPhone
		{439B2DFB-CFED-44B6-9CD6-38E7434886BB}.Ad-Hoc|x86.Build.0 = Ad-Hoc|iPhone
		{439B2DFB-CFED-44B6-9CD6-38E7434886BB}.Ad-Hoc|x86.Deploy.0 = Ad-Hoc|iPhone
		{439B2DFB-CFED-44B6-9CD6-38E7434886BB}.AppStore|Any CPU.ActiveCfg = AppStore|iPhone
		{439B2DFB-CFED-44B6-9CD6-38E7434886BB}.AppStore|Any CPU.Build.0 = AppStore|iPhone
		{439B2DFB-CFED-44B6-9CD6-38E7434886BB}.AppStore|Any CPU.Deploy.0 = AppStore|iPhone
		{439B2DFB-CFED-44B6-9CD6-38E7434886BB}.AppStore|ARM.ActiveCfg = AppStore|iPhone
		{439B2DFB-CFED-44B6-9CD6-38E7434886BB}.AppStore|ARM.Build.0 = AppStore|iPhone
		{439B2DFB-CFED-44B6-9CD6-38E7434886BB}.AppStore|ARM.Deploy.0 = AppStore|iPhone
		{439B2DFB-CFED-44B6-9CD6-38E7434886BB}.AppStore|iPhone.ActiveCfg = AppStore|iPhone
		{439B2DFB-CFED-44B6-9CD6-38E7434886BB}.AppStore|iPhone.Build.0 = AppStore|iPhone
		{439B2DFB-CFED-44B6-9CD6-38E7434886BB}.AppStore|iPhone.Deploy.0 = AppStore|iPhone
		{439B2DFB-CFED-44B6-9CD6-38E7434886BB}.AppStore|iPhoneSimulator.ActiveCfg = AppStore|iPhoneSimulator
		{439B2DFB-CFED-44B6-9CD6-38E7434886BB}.AppStore|iPhoneSimulator.Build.0 = AppStore|iPhoneSimulator
		{439B2DFB-CFED-44B6-9CD6-38E7434886BB}.AppStore|iPhoneSimulator.Deploy.0 = AppStore|iPhoneSimulator
		{439B2DFB-CFED-44B6-9CD6-38E7434886BB}.AppStore|x64.ActiveCfg = AppStore|iPhone
		{439B2DFB-CFED-44B6-9CD6-38E7434886BB}.AppStore|x64.Build.0 = AppStore|iPhone
		{439B2DFB-CFED-44B6-9CD6-38E7434886BB}.AppStore|x64.Deploy.0 = AppStore|iPhone
		{439B2DFB-CFED-44B6-9CD6-38E7434886BB}.AppStore|x86.ActiveCfg = AppStore|iPhone
		{439B2DFB-CFED-44B6-9CD6-38E7434886BB}.AppStore|x86.Build.0 = AppStore|iPhone
		{439B2DFB-CFED-44B6-9CD6-38E7434886BB}.AppStore|x86.Deploy.0 = AppStore|iPhone
		{439B2DFB-CFED-44B6-9CD6-38E7434886BB}.Debug|Any CPU.ActiveCfg = Debug|iPhoneSimulator
		{439B2DFB-CFED-44B6-9CD6-38E7434886BB}.Debug|Any CPU.Build.0 = Debug|iPhoneSimulator
		{439B2DFB-CFED-44B6-9CD6-38E7434886BB}.Debug|Any CPU.Deploy.0 = Debug|iPhoneSimulator
		{439B2DFB-CFED-44B6-9CD6-38E7434886BB}.Debug|ARM.ActiveCfg = Debug|iPhone
		{439B2DFB-CFED-44B6-9CD6-38E7434886BB}.Debug|ARM.Build.0 = Debug|iPhone
		{439B2DFB-CFED-44B6-9CD6-38E7434886BB}.Debug|ARM.Deploy.0 = Debug|iPhone
		{439B2DFB-CFED-44B6-9CD6-38E7434886BB}.Debug|iPhone.ActiveCfg = Debug|iPhone
		{439B2DFB-CFED-44B6-9CD6-38E7434886BB}.Debug|iPhone.Build.0 = Debug|iPhone
		{439B2DFB-CFED-44B6-9CD6-38E7434886BB}.Debug|iPhone.Deploy.0 = Debug|iPhone
		{439B2DFB-CFED-44B6-9CD6-38E7434886BB}.Debug|iPhoneSimulator.ActiveCfg = Debug|iPhoneSimulator
		{439B2DFB-CFED-44B6-9CD6-38E7434886BB}.Debug|iPhoneSimulator.Build.0 = Debug|iPhoneSimulator
		{439B2DFB-CFED-44B6-9CD6-38E7434886BB}.Debug|iPhoneSimulator.Deploy.0 = Debug|iPhoneSimulator
		{439B2DFB-CFED-44B6-9CD6-38E7434886BB}.Debug|x64.ActiveCfg = Debug|iPhone
		{439B2DFB-CFED-44B6-9CD6-38E7434886BB}.Debug|x64.Build.0 = Debug|iPhone
		{439B2DFB-CFED-44B6-9CD6-38E7434886BB}.Debug|x64.Deploy.0 = Debug|iPhone
		{439B2DFB-CFED-44B6-9CD6-38E7434886BB}.Debug|x86.ActiveCfg = Debug|iPhone
		{439B2DFB-CFED-44B6-9CD6-38E7434886BB}.Debug|x86.Build.0 = Debug|iPhone
		{439B2DFB-CFED-44B6-9CD6-38E7434886BB}.Debug|x86.Deploy.0 = Debug|iPhone
		{439B2DFB-CFED-44B6-9CD6-38E7434886BB}.Release|Any CPU.ActiveCfg = Release|iPhone
		{439B2DFB-CFED-44B6-9CD6-38E7434886BB}.Release|Any CPU.Build.0 = Release|iPhone
		{439B2DFB-CFED-44B6-9CD6-38E7434886BB}.Release|Any CPU.Deploy.0 = Release|iPhone
		{439B2DFB-CFED-44B6-9CD6-38E7434886BB}.Release|ARM.ActiveCfg = Release|iPhone
		{439B2DFB-CFED-44B6-9CD6-38E7434886BB}.Release|ARM.Build.0 = Release|iPhone
		{439B2DFB-CFED-44B6-9CD6-38E7434886BB}.Release|ARM.Deploy.0 = Release|iPhone
		{439B2DFB-CFED-44B6-9CD6-38E7434886BB}.Release|iPhone.ActiveCfg = Release|iPhone
		{439B2DFB-CFED-44B6-9CD6-38E7434886BB}.Release|iPhone.Build.0 = Release|iPhone
		{439B2DFB-CFED-44B6-9CD6-38E7434886BB}.Release|iPhone.Deploy.0 = Release|iPhone
		{439B2DFB-CFED-44B6-9CD6-38E7434886BB}.Release|iPhoneSimulator.ActiveCfg = Release|iPhoneSimulator
		{439B2DFB-CFED-44B6-9CD6-38E7434886BB}.Release|iPhoneSimulator.Build.0 = Release|iPhoneSimulator
		{439B2DFB-CFED-44B6-9CD6-38E7434886BB}.Release|iPhoneSimulator.Deploy.0 = Release|iPhoneSimulator
		{439B2DFB-CFED-44B6-9CD6-38E7434886BB}.Release|x64.ActiveCfg = Release|iPhone
		{439B2DFB-CFED-44B6-9CD6-38E7434886BB}.Release|x64.Build.0 = Release|iPhone
		{439B2DFB-CFED-44B6-9CD6-38E7434886BB}.Release|x64.Deploy.0 = Release|iPhone
		{439B2DFB-CFED-44B6-9CD6-38E7434886BB}.Release|x86.ActiveCfg = Release|iPhone
		{439B2DFB-CFED-44B6-9CD6-38E7434886BB}.Release|x86.Build.0 = Release|iPhone
		{439B2DFB-CFED-44B6-9CD6-38E7434886BB}.Release|x86.Deploy.0 = Release|iPhone
		{371E5EC9-2932-4190-92D0-220A293C710D}.Ad-Hoc|Any CPU.ActiveCfg = Release|x86
		{371E5EC9-2932-4190-92D0-220A293C710D}.Ad-Hoc|Any CPU.Build.0 = Release|x86
		{371E5EC9-2932-4190-92D0-220A293C710D}.Ad-Hoc|Any CPU.Deploy.0 = Release|x86
		{371E5EC9-2932-4190-92D0-220A293C710D}.Ad-Hoc|ARM.ActiveCfg = Release|ARM
		{371E5EC9-2932-4190-92D0-220A293C710D}.Ad-Hoc|ARM.Build.0 = Release|ARM
		{371E5EC9-2932-4190-92D0-220A293C710D}.Ad-Hoc|ARM.Deploy.0 = Release|ARM
		{371E5EC9-2932-4190-92D0-220A293C710D}.Ad-Hoc|iPhone.ActiveCfg = Release|x86
		{371E5EC9-2932-4190-92D0-220A293C710D}.Ad-Hoc|iPhone.Build.0 = Release|x86
		{371E5EC9-2932-4190-92D0-220A293C710D}.Ad-Hoc|iPhone.Deploy.0 = Release|x86
		{371E5EC9-2932-4190-92D0-220A293C710D}.Ad-Hoc|iPhoneSimulator.ActiveCfg = Release|x86
		{371E5EC9-2932-4190-92D0-220A293C710D}.Ad-Hoc|iPhoneSimulator.Build.0 = Release|x86
		{371E5EC9-2932-4190-92D0-220A293C710D}.Ad-Hoc|iPhoneSimulator.Deploy.0 = Release|x86
		{371E5EC9-2932-4190-92D0-220A293C710D}.Ad-Hoc|x64.ActiveCfg = Release|x64
		{371E5EC9-2932-4190-92D0-220A293C710D}.Ad-Hoc|x64.Build.0 = Release|x64
		{371E5EC9-2932-4190-92D0-220A293C710D}.Ad-Hoc|x64.Deploy.0 = Release|x64
		{371E5EC9-2932-4190-92D0-220A293C710D}.Ad-Hoc|x86.ActiveCfg = Release|x86
		{371E5EC9-2932-4190-92D0-220A293C710D}.Ad-Hoc|x86.Build.0 = Release|x86
		{371E5EC9-2932-4190-92D0-220A293C710D}.Ad-Hoc|x86.Deploy.0 = Release|x86
		{371E5EC9-2932-4190-92D0-220A293C710D}.AppStore|Any CPU.ActiveCfg = Release|x86
		{371E5EC9-2932-4190-92D0-220A293C710D}.AppStore|Any CPU.Build.0 = Release|x86
		{371E5EC9-2932-4190-92D0-220A293C710D}.AppStore|Any CPU.Deploy.0 = Release|x86
		{371E5EC9-2932-4190-92D0-220A293C710D}.AppStore|ARM.ActiveCfg = Release|ARM
		{371E5EC9-2932-4190-92D0-220A293C710D}.AppStore|ARM.Build.0 = Release|ARM
		{371E5EC9-2932-4190-92D0-220A293C710D}.AppStore|ARM.Deploy.0 = Release|ARM
		{371E5EC9-2932-4190-92D0-220A293C710D}.AppStore|iPhone.ActiveCfg = Release|x86
		{371E5EC9-2932-4190-92D0-220A293C710D}.AppStore|iPhone.Build.0 = Release|x86
		{371E5EC9-2932-4190-92D0-220A293C710D}.AppStore|iPhone.Deploy.0 = Release|x86
		{371E5EC9-2932-4190-92D0-220A293C710D}.AppStore|iPhoneSimulator.ActiveCfg = Release|x86
		{371E5EC9-2932-4190-92D0-220A293C710D}.AppStore|iPhoneSimulator.Build.0 = Release|x86
		{371E5EC9-2932-4190-92D0-220A293C710D}.AppStore|iPhoneSimulator.Deploy.0 = Release|x86
		{371E5EC9-2932-4190-92D0-220A293C710D}.AppStore|x64.ActiveCfg = Release|x64
		{371E5EC9-2932-4190-92D0-220A293C710D}.AppStore|x64.Build.0 = Release|x64
		{371E5EC9-2932-4190-92D0-220A293C710D}.AppStore|x64.Deploy.0 = Release|x64
		{371E5EC9-2932-4190-92D0-220A293C710D}.AppStore|x86.ActiveCfg = Release|x86
		{371E5EC9-2932-4190-92D0-220A293C710D}.AppStore|x86.Build.0 = Release|x86
		{371E5EC9-2932-4190-92D0-220A293C710D}.AppStore|x86.Deploy.0 = Release|x86
		{371E5EC9-2932-4190-92D0-220A293C710D}.Debug|Any CPU.ActiveCfg = Debug|x86
		{371E5EC9-2932-4190-92D0-220A293C710D}.Debug|Any CPU.Build.0 = Debug|x86
		{371E5EC9-2932-4190-92D0-220A293C710D}.Debug|Any CPU.Deploy.0 = Debug|x86
		{371E5EC9-2932-4190-92D0-220A293C710D}.Debug|ARM.ActiveCfg = Debug|ARM
		{371E5EC9-2932-4190-92D0-220A293C710D}.Debug|ARM.Build.0 = Debug|ARM
		{371E5EC9-2932-4190-92D0-220A293C710D}.Debug|ARM.Deploy.0 = Debug|ARM
		{371E5EC9-2932-4190-92D0-220A293C710D}.Debug|iPhone.ActiveCfg = Debug|x86
		{371E5EC9-2932-4190-92D0-220A293C710D}.Debug|iPhone.Build.0 = Debug|x86
		{371E5EC9-2932-4190-92D0-220A293C710D}.Debug|iPhone.Deploy.0 = Debug|x86
		{371E5EC9-2932-4190-92D0-220A293C710D}.Debug|iPhoneSimulator.ActiveCfg = Debug|x86
		{371E5EC9-2932-4190-92D0-220A293C710D}.Debug|iPhoneSimulator.Build.0 = Debug|x86
		{371E5EC9-2932-4190-92D0-220A293C710D}.Debug|iPhoneSimulator.Deploy.0 = Debug|x86
		{371E5EC9-2932-4190-92D0-220A293C710D}.Debug|x64.ActiveCfg = Debug|x64
		{371E5EC9-2932-4190-92D0-220A293C710D}.Debug|x64.Build.0 = Debug|x64
		{371E5EC9-2932-4190-92D0-220A293C710D}.Debug|x64.Deploy.0 = Debug|x64
		{371E5EC9-2932-4190-92D0-220A293C710D}.Debug|x86.ActiveCfg = Debug|x86
		{371E5EC9-2932-4190-92D0-220A293C710D}.Debug|x86.Build.0 = Debug|x86
		{371E5EC9-2932-4190-92D0-220A293C710D}.Debug|x86.Deploy.0 = Debug|x86
		{371E5EC9-2932-4190-92D0-220A293C710D}.Release|Any CPU.ActiveCfg = Release|x86
		{371E5EC9-2932-4190-92D0-220A293C710D}.Release|Any CPU.Build.0 = Release|x86
		{371E5EC9-2932-4190-92D0-220A293C710D}.Release|Any CPU.Deploy.0 = Release|x86
		{371E5EC9-2932-4190-92D0-220A293C710D}.Release|ARM.ActiveCfg = Release|ARM
		{371E5EC9-2932-4190-92D0-220A293C710D}.Release|ARM.Build.0 = Release|ARM
		{371E5EC9-2932-4190-92D0-220A293C710D}.Release|ARM.Deploy.0 = Release|ARM
		{371E5EC9-2932-4190-92D0-220A293C710D}.Release|iPhone.ActiveCfg = Release|x86
		{371E5EC9-2932-4190-92D0-220A293C710D}.Release|iPhone.Build.0 = Release|x86
		{371E5EC9-2932-4190-92D0-220A293C710D}.Release|iPhone.Deploy.0 = Release|x86
		{371E5EC9-2932-4190-92D0-220A293C710D}.Release|iPhoneSimulator.ActiveCfg = Release|x86
		{371E5EC9-2932-4190-92D0-220A293C710D}.Release|iPhoneSimulator.Build.0 = Release|x86
		{371E5EC9-2932-4190-92D0-220A293C710D}.Release|iPhoneSimulator.Deploy.0 = Release|x86
		{371E5EC9-2932-4190-92D0-220A293C710D}.Release|x64.ActiveCfg = Release|x64
		{371E5EC9-2932-4190-92D0-220A293C710D}.Release|x64.Build.0 = Release|x64
		{371E5EC9-2932-4190-92D0-220A293C710D}.Release|x64.Deploy.0 = Release|x64
		{371E5EC9-2932-4190-92D0-220A293C710D}.Release|x86.ActiveCfg = Release|x86
		{371E5EC9-2932-4190-92D0-220A293C710D}.Release|x86.Build.0 = Release|x86
		{371E5EC9-2932-4190-92D0-220A293C710D}.Release|x86.Deploy.0 = Release|x86
		{F878961B-7F5C-456F-96CC-07918EAE4D22}.Ad-Hoc|Any CPU.ActiveCfg = Debug|Any CPU
		{F878961B-7F5C-456F-96CC-07918EAE4D22}.Ad-Hoc|Any CPU.Build.0 = Debug|Any CPU
		{F878961B-7F5C-456F-96CC-07918EAE4D22}.Ad-Hoc|Any CPU.Deploy.0 = Debug|Any CPU
		{F878961B-7F5C-456F-96CC-07918EAE4D22}.Ad-Hoc|ARM.ActiveCfg = Debug|Any CPU
		{F878961B-7F5C-456F-96CC-07918EAE4D22}.Ad-Hoc|ARM.Build.0 = Debug|Any CPU
		{F878961B-7F5C-456F-96CC-07918EAE4D22}.Ad-Hoc|ARM.Deploy.0 = Debug|Any CPU
		{F878961B-7F5C-456F-96CC-07918EAE4D22}.Ad-Hoc|iPhone.ActiveCfg = Debug|Any CPU
		{F878961B-7F5C-456F-96CC-07918EAE4D22}.Ad-Hoc|iPhone.Build.0 = Debug|Any CPU
		{F878961B-7F5C-456F-96CC-07918EAE4D22}.Ad-Hoc|iPhone.Deploy.0 = Debug|Any CPU
		{F878961B-7F5C-456F-96CC-07918EAE4D22}.Ad-Hoc|iPhoneSimulator.ActiveCfg = Debug|Any CPU
		{F878961B-7F5C-456F-96CC-07918EAE4D22}.Ad-Hoc|iPhoneSimulator.Build.0 = Debug|Any CPU
		{F878961B-7F5C-456F-96CC-07918EAE4D22}.Ad-Hoc|iPhoneSimulator.Deploy.0 = Debug|Any CPU
		{F878961B-7F5C-456F-96CC-07918EAE4D22}.Ad-Hoc|x64.ActiveCfg = Debug|Any CPU
		{F878961B-7F5C-456F-96CC-07918EAE4D22}.Ad-Hoc|x64.Build.0 = Debug|Any CPU
		{F878961B-7F5C-456F-96CC-07918EAE4D22}.Ad-Hoc|x64.Deploy.0 = Debug|Any CPU
		{F878961B-7F5C-456F-96CC-07918EAE4D22}.Ad-Hoc|x86.ActiveCfg = Debug|Any CPU
		{F878961B-7F5C-456F-96CC-07918EAE4D22}.Ad-Hoc|x86.Build.0 = Debug|Any CPU
		{F878961B-7F5C-456F-96CC-07918EAE4D22}.Ad-Hoc|x86.Deploy.0 = Debug|Any CPU
		{F878961B-7F5C-456F-96CC-07918EAE4D22}.AppStore|Any CPU.ActiveCfg = Debug|Any CPU
		{F878961B-7F5C-456F-96CC-07918EAE4D22}.AppStore|Any CPU.Build.0 = Debug|Any CPU
		{F878961B-7F5C-456F-96CC-07918EAE4D22}.AppStore|Any CPU.Deploy.0 = Debug|Any CPU
		{F878961B-7F5C-456F-96CC-07918EAE4D22}.AppStore|ARM.ActiveCfg = Debug|Any CPU
		{F878961B-7F5C-456F-96CC-07918EAE4D22}.AppStore|ARM.Build.0 = Debug|Any CPU
		{F878961B-7F5C-456F-96CC-07918EAE4D22}.AppStore|ARM.Deploy.0 = Debug|Any CPU
		{F878961B-7F5C-456F-96CC-07918EAE4D22}.AppStore|iPhone.ActiveCfg = Debug|Any CPU
		{F878961B-7F5C-456F-96CC-07918EAE4D22}.AppStore|iPhone.Build.0 = Debug|Any CPU
		{F878961B-7F5C-456F-96CC-07918EAE4D22}.AppStore|iPhone.Deploy.0 = Debug|Any CPU
		{F878961B-7F5C-456F-96CC-07918EAE4D22}.AppStore|iPhoneSimulator.ActiveCfg = Debug|Any CPU
		{F878961B-7F5C-456F-96CC-07918EAE4D22}.AppStore|iPhoneSimulator.Build.0 = Debug|Any CPU
		{F878961B-7F5C-456F-96CC-07918EAE4D22}.AppStore|iPhoneSimulator.Deploy.0 = Debug|Any CPU
		{F878961B-7F5C-456F-96CC-07918EAE4D22}.AppStore|x64.ActiveCfg = Debug|Any CPU
		{F878961B-7F5C-456F-96CC-07918EAE4D22}.AppStore|x64.Build.0 = Debug|Any CPU
		{F878961B-7F5C-456F-96CC-07918EAE4D22}.AppStore|x64.Deploy.0 = Debug|Any CPU
		{F878961B-7F5C-456F-96CC-07918EAE4D22}.AppStore|x86.ActiveCfg = Debug|Any CPU
		{F878961B-7F5C-456F-96CC-07918EAE4D22}.AppStore|x86.Build.0 = Debug|Any CPU
		{F878961B-7F5C-456F-96CC-07918EAE4D22}.AppStore|x86.Deploy.0 = Debug|Any CPU
		{F878961B-7F5C-456F-96CC-07918EAE4D22}.Debug|Any CPU.ActiveCfg = Debug|Any CPU
		{F878961B-7F5C-456F-96CC-07918EAE4D22}.Debug|Any CPU.Build.0 = Debug|Any CPU
		{F878961B-7F5C-456F-96CC-07918EAE4D22}.Debug|Any CPU.Deploy.0 = Debug|Any CPU
		{F878961B-7F5C-456F-96CC-07918EAE4D22}.Debug|ARM.ActiveCfg = Debug|Any CPU
		{F878961B-7F5C-456F-96CC-07918EAE4D22}.Debug|ARM.Build.0 = Debug|Any CPU
		{F878961B-7F5C-456F-96CC-07918EAE4D22}.Debug|ARM.Deploy.0 = Debug|Any CPU
		{F878961B-7F5C-456F-96CC-07918EAE4D22}.Debug|iPhone.ActiveCfg = Debug|Any CPU
		{F878961B-7F5C-456F-96CC-07918EAE4D22}.Debug|iPhone.Build.0 = Debug|Any CPU
		{F878961B-7F5C-456F-96CC-07918EAE4D22}.Debug|iPhone.Deploy.0 = Debug|Any CPU
		{F878961B-7F5C-456F-96CC-07918EAE4D22}.Debug|iPhoneSimulator.ActiveCfg = Debug|Any CPU
		{F878961B-7F5C-456F-96CC-07918EAE4D22}.Debug|iPhoneSimulator.Build.0 = Debug|Any CPU
		{F878961B-7F5C-456F-96CC-07918EAE4D22}.Debug|iPhoneSimulator.Deploy.0 = Debug|Any CPU
		{F878961B-7F5C-456F-96CC-07918EAE4D22}.Debug|x64.ActiveCfg = Debug|Any CPU
		{F878961B-7F5C-456F-96CC-07918EAE4D22}.Debug|x64.Build.0 = Debug|Any CPU
		{F878961B-7F5C-456F-96CC-07918EAE4D22}.Debug|x64.Deploy.0 = Debug|Any CPU
		{F878961B-7F5C-456F-96CC-07918EAE4D22}.Debug|x86.ActiveCfg = Debug|Any CPU
		{F878961B-7F5C-456F-96CC-07918EAE4D22}.Debug|x86.Build.0 = Debug|Any CPU
		{F878961B-7F5C-456F-96CC-07918EAE4D22}.Debug|x86.Deploy.0 = Debug|Any CPU
		{F878961B-7F5C-456F-96CC-07918EAE4D22}.Release|Any CPU.ActiveCfg = Release|Any CPU
		{F878961B-7F5C-456F-96CC-07918EAE4D22}.Release|Any CPU.Build.0 = Release|Any CPU
		{F878961B-7F5C-456F-96CC-07918EAE4D22}.Release|Any CPU.Deploy.0 = Release|Any CPU
		{F878961B-7F5C-456F-96CC-07918EAE4D22}.Release|ARM.ActiveCfg = Release|Any CPU
		{F878961B-7F5C-456F-96CC-07918EAE4D22}.Release|ARM.Build.0 = Release|Any CPU
		{F878961B-7F5C-456F-96CC-07918EAE4D22}.Release|ARM.Deploy.0 = Release|Any CPU
		{F878961B-7F5C-456F-96CC-07918EAE4D22}.Release|iPhone.ActiveCfg = Release|Any CPU
		{F878961B-7F5C-456F-96CC-07918EAE4D22}.Release|iPhone.Build.0 = Release|Any CPU
		{F878961B-7F5C-456F-96CC-07918EAE4D22}.Release|iPhone.Deploy.0 = Release|Any CPU
		{F878961B-7F5C-456F-96CC-07918EAE4D22}.Release|iPhoneSimulator.ActiveCfg = Release|Any CPU
		{F878961B-7F5C-456F-96CC-07918EAE4D22}.Release|iPhoneSimulator.Build.0 = Release|Any CPU
		{F878961B-7F5C-456F-96CC-07918EAE4D22}.Release|iPhoneSimulator.Deploy.0 = Release|Any CPU
		{F878961B-7F5C-456F-96CC-07918EAE4D22}.Release|x64.ActiveCfg = Release|Any CPU
		{F878961B-7F5C-456F-96CC-07918EAE4D22}.Release|x64.Build.0 = Release|Any CPU
		{F878961B-7F5C-456F-96CC-07918EAE4D22}.Release|x64.Deploy.0 = Release|Any CPU
		{F878961B-7F5C-456F-96CC-07918EAE4D22}.Release|x86.ActiveCfg = Release|Any CPU
		{F878961B-7F5C-456F-96CC-07918EAE4D22}.Release|x86.Build.0 = Release|Any CPU
		{F878961B-7F5C-456F-96CC-07918EAE4D22}.Release|x86.Deploy.0 = Release|Any CPU
	EndGlobalSection
	GlobalSection(SolutionProperties) = preSolution
		HideSolutionNode = FALSE
	EndGlobalSection
	GlobalSection(ExtensibilityGlobals) = postSolution
		SolutionGuid = {7E680E4A-ABFE-4A13-8296-C87D9A0CDC01}
	EndGlobalSection
EndGlobal
